
Microsoft Visual Studio Solution File, Format Version 12.00
# Visual Studio 15
VisualStudioVersion = 15.0.27703.2035
MinimumVisualStudioVersion = 10.0.40219.1
Project("{FAE04EC0-301F-11D3-BF4B-00C04F79EFBC}") = "SmartSPA", "SmartSPA\SmartSPA.csproj", "{AE3646CB-83A0-4D88-8620-688C53338559}"
EndProject
Global
	GlobalSection(SolutionConfigurationPlatforms) = preSolution
		Debug|Any CPU = Debug|Any CPU
		Release|Any CPU = Release|Any CPU
	EndGlobalSection
	GlobalSection(ProjectConfigurationPlatforms) = postSolution
		{AE3646CB-83A0-4D88-8620-688C53338559}.Debug|Any CPU.ActiveCfg = Debug|Any CPU
		{AE3646CB-83A0-4D88-8620-688C53338559}.Debug|Any CPU.Build.0 = Debug|Any CPU
		{AE3646CB-83A0-4D88-8620-688C53338559}.Release|Any CPU.ActiveCfg = Release|Any CPU
		{AE3646CB-83A0-4D88-8620-688C53338559}.Release|Any CPU.Build.0 = Release|Any CPU
	EndGlobalSection
	GlobalSection(SolutionProperties) = preSolution
		HideSolutionNode = FALSE
	EndGlobalSection
	GlobalSection(ExtensibilityGlobals) = postSolution
		SolutionGuid = {B286EB36-C78D-4FB5-9725-FF120308E7A9}
	EndGlobalSection
EndGlobal
